
Microsoft Visual Studio Solution File, Format Version 12.00
# Visual Studio Version 16
VisualStudioVersion = 16.0.31515.178
MinimumVisualStudioVersion = 10.0.40219.1
Project("{FAE04EC0-301F-11D3-BF4B-00C04F79EFBC}") = "WebApp4.5.2", "WebApp4.5.2\WebApp4.5.2.csproj", "{EC9028AA-B247-4A0F-A7ED-71C37C57A7CD}"
EndProject
Project("{FAE04EC0-301F-11D3-BF4B-00C04F79EFBC}") = "WebApp.4.5.2.UnitTest", "WebApp.4.5.2.UnitTest\WebApp.4.5.2.UnitTest.csproj", "{07450ECA-76EF-4658-96C2-3993062E609C}"
EndProject
Global
	GlobalSection(SolutionConfigurationPlatforms) = preSolution
		Debug|Any CPU = Debug|Any CPU
		Release|Any CPU = Release|Any CPU
	EndGlobalSection
	GlobalSection(ProjectConfigurationPlatforms) = postSolution
		{EC9028AA-B247-4A0F-A7ED-71C37C57A7CD}.Debug|Any CPU.ActiveCfg = Debug|Any CPU
		{EC9028AA-B247-4A0F-A7ED-71C37C57A7CD}.Debug|Any CPU.Build.0 = Debug|Any CPU
		{EC9028AA-B247-4A0F-A7ED-71C37C57A7CD}.Release|Any CPU.ActiveCfg = Release|Any CPU
		{EC9028AA-B247-4A0F-A7ED-71C37C57A7CD}.Release|Any CPU.Build.0 = Release|Any CPU
		{07450ECA-76EF-4658-96C2-3993062E609C}.Debug|Any CPU.ActiveCfg = Debug|Any CPU
		{07450ECA-76EF-4658-96C2-3993062E609C}.Debug|Any CPU.Build.0 = Debug|Any CPU
		{07450ECA-76EF-4658-96C2-3993062E609C}.Release|Any CPU.ActiveCfg = Release|Any CPU
		{07450ECA-76EF-4658-96C2-3993062E609C}.Release|Any CPU.Build.0 = Release|Any CPU
	EndGlobalSection
	GlobalSection(SolutionProperties) = preSolution
		HideSolutionNode = FALSE
	EndGlobalSection
	GlobalSection(ExtensibilityGlobals) = postSolution
		SolutionGuid = {E97E6E63-422B-4C11-B713-C6402709B908}
	EndGlobalSection
EndGlobal
